
Microsoft Visual Studio Solution File, Format Version 12.00
# Visual Studio Version 17
VisualStudioVersion = 17.5.33627.172
MinimumVisualStudioVersion = 10.0.40219.1
Project("{FAE04EC0-301F-11D3-BF4B-00C04F79EFBC}") = "Clientes", "Clientes\Clientes.csproj", "{34B23E54-BA7D-4591-836A-3EA3978D9050}"
EndProject
Project("{FAE04EC0-301F-11D3-BF4B-00C04F79EFBC}") = "AccesoDatosD", "AccesoDatosD\AccesoDatosD.csproj", "{17953DF3-6D21-4C07-BDF8-F0FDDF9083E3}"
EndProject
Project("{FAE04EC0-301F-11D3-BF4B-00C04F79EFBC}") = "EntidadesE", "EntidadesE\EntidadesE.csproj", "{E02ED068-F97B-40E7-9CE2-C7B132E01F9B}"
EndProject
Project("{FAE04EC0-301F-11D3-BF4B-00C04F79EFBC}") = "NegociosN", "NegociosN\NegociosN.csproj", "{ECB4FAC4-6254-41DC-82CF-BE3861A7CB38}"
EndProject
Global
	GlobalSection(SolutionConfigurationPlatforms) = preSolution
		Debug|Any CPU = Debug|Any CPU
		Release|Any CPU = Release|Any CPU
	EndGlobalSection
	GlobalSection(ProjectConfigurationPlatforms) = postSolution
		{34B23E54-BA7D-4591-836A-3EA3978D9050}.Debug|Any CPU.ActiveCfg = Debug|Any CPU
		{34B23E54-BA7D-4591-836A-3EA3978D9050}.Debug|Any CPU.Build.0 = Debug|Any CPU
		{34B23E54-BA7D-4591-836A-3EA3978D9050}.Release|Any CPU.ActiveCfg = Release|Any CPU
		{34B23E54-BA7D-4591-836A-3EA3978D9050}.Release|Any CPU.Build.0 = Release|Any CPU
		{17953DF3-6D21-4C07-BDF8-F0FDDF9083E3}.Debug|Any CPU.ActiveCfg = Debug|Any CPU
		{17953DF3-6D21-4C07-BDF8-F0FDDF9083E3}.Debug|Any CPU.Build.0 = Debug|Any CPU
		{17953DF3-6D21-4C07-BDF8-F0FDDF9083E3}.Release|Any CPU.ActiveCfg = Release|Any CPU
		{17953DF3-6D21-4C07-BDF8-F0FDDF9083E3}.Release|Any CPU.Build.0 = Release|Any CPU
		{E02ED068-F97B-40E7-9CE2-C7B132E01F9B}.Debug|Any CPU.ActiveCfg = Debug|Any CPU
		{E02ED068-F97B-40E7-9CE2-C7B132E01F9B}.Debug|Any CPU.Build.0 = Debug|Any CPU
		{E02ED068-F97B-40E7-9CE2-C7B132E01F9B}.Release|Any CPU.ActiveCfg = Release|Any CPU
		{E02ED068-F97B-40E7-9CE2-C7B132E01F9B}.Release|Any CPU.Build.0 = Release|Any CPU
		{ECB4FAC4-6254-41DC-82CF-BE3861A7CB38}.Debug|Any CPU.ActiveCfg = Debug|Any CPU
		{ECB4FAC4-6254-41DC-82CF-BE3861A7CB38}.Debug|Any CPU.Build.0 = Debug|Any CPU
		{ECB4FAC4-6254-41DC-82CF-BE3861A7CB38}.Release|Any CPU.ActiveCfg = Release|Any CPU
		{ECB4FAC4-6254-41DC-82CF-BE3861A7CB38}.Release|Any CPU.Build.0 = Release|Any CPU
	EndGlobalSection
	GlobalSection(SolutionProperties) = preSolution
		HideSolutionNode = FALSE
	EndGlobalSection
	GlobalSection(ExtensibilityGlobals) = postSolution
		SolutionGuid = {2CE89556-B813-480C-A9A7-95DB6BEC6F69}
	EndGlobalSection
EndGlobal
